
Microsoft Visual Studio Solution File, Format Version 12.00
# Visual Studio 15
VisualStudioVersion = 15.0.26430.6
MinimumVisualStudioVersion = 10.0.40219.1
Project("{FAE04EC0-301F-11D3-BF4B-00C04F79EFBC}") = "FirstApplication.Android", "FirstApplication\FirstApplication.Android\FirstApplication.Android.csproj", "{120FAE5F-D026-45C3-AFE4-71369CC92D92}"
EndProject
Project("{FAE04EC0-301F-11D3-BF4B-00C04F79EFBC}") = "FirstApplication", "FirstApplication\FirstApplication\FirstApplication.csproj", "{022C9DFE-4082-4FC7-9D9E-EB4ABEF66F71}"
EndProject
Project("{FAE04EC0-301F-11D3-BF4B-00C04F79EFBC}") = "FirstApplication.UWP", "FirstApplication\FirstApplication.UWP\FirstApplication.UWP.csproj", "{CA610287-AC38-4461-B5D7-BB1E54B7BD6E}"
EndProject
Project("{FAE04EC0-301F-11D3-BF4B-00C04F79EFBC}") = "FirstApplication.iOS", "FirstApplication\FirstApplication.iOS\FirstApplication.iOS.csproj", "{90B13DCE-B848-4C50-9672-39F4BCC9FF91}"
EndProject
Global
	GlobalSection(SolutionConfigurationPlatforms) = preSolution
		Ad-Hoc|Any CPU = Ad-Hoc|Any CPU
		Ad-Hoc|ARM = Ad-Hoc|ARM
		Ad-Hoc|iPhone = Ad-Hoc|iPhone
		Ad-Hoc|iPhoneSimulator = Ad-Hoc|iPhoneSimulator
		Ad-Hoc|x64 = Ad-Hoc|x64
		Ad-Hoc|x86 = Ad-Hoc|x86
		AppStore|Any CPU = AppStore|Any CPU
		AppStore|ARM = AppStore|ARM
		AppStore|iPhone = AppStore|iPhone
		AppStore|iPhoneSimulator = AppStore|iPhoneSimulator
		AppStore|x64 = AppStore|x64
		AppStore|x86 = AppStore|x86
		Debug|Any CPU = Debug|Any CPU
		Debug|ARM = Debug|ARM
		Debug|iPhone = Debug|iPhone
		Debug|iPhoneSimulator = Debug|iPhoneSimulator
		Debug|x64 = Debug|x64
		Debug|x86 = Debug|x86
		Release|Any CPU = Release|Any CPU
		Release|ARM = Release|ARM
		Release|iPhone = Release|iPhone
		Release|iPhoneSimulator = Release|iPhoneSimulator
		Release|x64 = Release|x64
		Release|x86 = Release|x86
	EndGlobalSection
	GlobalSection(ProjectConfigurationPlatforms) = postSolution
		{120FAE5F-D026-45C3-AFE4-71369CC92D92}.Ad-Hoc|Any CPU.ActiveCfg = Release|Any CPU
		{120FAE5F-D026-45C3-AFE4-71369CC92D92}.Ad-Hoc|Any CPU.Build.0 = Release|Any CPU
		{120FAE5F-D026-45C3-AFE4-71369CC92D92}.Ad-Hoc|Any CPU.Deploy.0 = Release|Any CPU
		{120FAE5F-D026-45C3-AFE4-71369CC92D92}.Ad-Hoc|ARM.ActiveCfg = Release|Any CPU
		{120FAE5F-D026-45C3-AFE4-71369CC92D92}.Ad-Hoc|ARM.Build.0 = Release|Any CPU
		{120FAE5F-D026-45C3-AFE4-71369CC92D92}.Ad-Hoc|ARM.Deploy.0 = Release|Any CPU
		{120FAE5F-D026-45C3-AFE4-71369CC92D92}.Ad-Hoc|iPhone.ActiveCfg = Release|Any CPU
		{120FAE5F-D026-45C3-AFE4-71369CC92D92}.Ad-Hoc|iPhone.Build.0 = Release|Any CPU
		{120FAE5F-D026-45C3-AFE4-71369CC92D92}.Ad-Hoc|iPhone.Deploy.0 = Release|Any CPU
		{120FAE5F-D026-45C3-AFE4-71369CC92D92}.Ad-Hoc|iPhoneSimulator.ActiveCfg = Release|Any CPU
		{120FAE5F-D026-45C3-AFE4-71369CC92D92}.Ad-Hoc|iPhoneSimulator.Build.0 = Release|Any CPU
		{120FAE5F-D026-45C3-AFE4-71369CC92D92}.Ad-Hoc|iPhoneSimulator.Deploy.0 = Release|Any CPU
		{120FAE5F-D026-45C3-AFE4-71369CC92D92}.Ad-Hoc|x64.ActiveCfg = Release|Any CPU
		{120FAE5F-D026-45C3-AFE4-71369CC92D92}.Ad-Hoc|x64.Build.0 = Release|Any CPU
		{120FAE5F-D026-45C3-AFE4-71369CC92D92}.Ad-Hoc|x64.Deploy.0 = Release|Any CPU
		{120FAE5F-D026-45C3-AFE4-71369CC92D92}.Ad-Hoc|x86.ActiveCfg = Release|Any CPU
		{120FAE5F-D026-45C3-AFE4-71369CC92D92}.Ad-Hoc|x86.Build.0 = Release|Any CPU
		{120FAE5F-D026-45C3-AFE4-71369CC92D92}.Ad-Hoc|x86.Deploy.0 = Release|Any CPU
		{120FAE5F-D026-45C3-AFE4-71369CC92D92}.AppStore|Any CPU.ActiveCfg = Release|Any CPU
		{120FAE5F-D026-45C3-AFE4-71369CC92D92}.AppStore|Any CPU.Build.0 = Release|Any CPU
		{120FAE5F-D026-45C3-AFE4-71369CC92D92}.AppStore|Any CPU.Deploy.0 = Release|Any CPU
		{120FAE5F-D026-45C3-AFE4-71369CC92D92}.AppStore|ARM.ActiveCfg = Release|Any CPU
		{120FAE5F-D026-45C3-AFE4-71369CC92D92}.AppStore|ARM.Build.0 = Release|Any CPU
		{120FAE5F-D026-45C3-AFE4-71369CC92D92}.AppStore|ARM.Deploy.0 = Release|Any CPU
		{120FAE5F-D026-45C3-AFE4-71369CC92D92}.AppStore|iPhone.ActiveCfg = Release|Any CPU
		{120FAE5F-D026-45C3-AFE4-71369CC92D92}.AppStore|iPhone.Build.0 = Release|Any CPU
		{120FAE5F-D026-45C3-AFE4-71369CC92D92}.AppStore|iPhone.Deploy.0 = Release|Any CPU
		{120FAE5F-D026-45C3-AFE4-71369CC92D92}.AppStore|iPhoneSimulator.ActiveCfg = Release|Any CPU
		{120FAE5F-D026-45C3-AFE4-71369CC92D92}.AppStore|iPhoneSimulator.Build.0 = Release|Any CPU
		{120FAE5F-D026-45C3-AFE4-71369CC92D92}.AppStore|iPhoneSimulator.Deploy.0 = Release|Any CPU
		{120FAE5F-D026-45C3-AFE4-71369CC92D92}.AppStore|x64.ActiveCfg = Release|Any CPU
		{120FAE5F-D026-45C3-AFE4-71369CC92D92}.AppStore|x64.Build.0 = Release|Any CPU
		{120FAE5F-D026-45C3-AFE4-71369CC92D92}.AppStore|x64.Deploy.0 = Release|Any CPU
		{120FAE5F-D026-45C3-AFE4-71369CC92D92}.AppStore|x86.ActiveCfg = Release|Any CPU
		{120FAE5F-D026-45C3-AFE4-71369CC92D92}.AppStore|x86.Build.0 = Release|Any CPU
		{120FAE5F-D026-45C3-AFE4-71369CC92D92}.AppStore|x86.Deploy.0 = Release|Any CPU
		{120FAE5F-D026-45C3-AFE4-71369CC92D92}.Debug|Any CPU.ActiveCfg = Debug|Any CPU
		{120FAE5F-D026-45C3-AFE4-71369CC92D92}.Debug|Any CPU.Build.0 = Debug|Any CPU
		{120FAE5F-D026-45C3-AFE4-71369CC92D92}.Debug|Any CPU.Deploy.0 = Debug|Any CPU
		{120FAE5F-D026-45C3-AFE4-71369CC92D92}.Debug|ARM.ActiveCfg = Debug|Any CPU
		{120FAE5F-D026-45C3-AFE4-71369CC92D92}.Debug|ARM.Build.0 = Debug|Any CPU
		{120FAE5F-D026-45C3-AFE4-71369CC92D92}.Debug|ARM.Deploy.0 = Debug|Any CPU
		{120FAE5F-D026-45C3-AFE4-71369CC92D92}.Debug|iPhone.ActiveCfg = Debug|Any CPU
		{120FAE5F-D026-45C3-AFE4-71369CC92D92}.Debug|iPhone.Build.0 = Debug|Any CPU
		{120FAE5F-D026-45C3-AFE4-71369CC92D92}.Debug|iPhone.Deploy.0 = Debug|Any CPU
		{120FAE5F-D026-45C3-AFE4-71369CC92D92}.Debug|iPhoneSimulator.ActiveCfg = Debug|Any CPU
		{120FAE5F-D026-45C3-AFE4-71369CC92D92}.Debug|iPhoneSimulator.Build.0 = Debug|Any CPU
		{120FAE5F-D026-45C3-AFE4-71369CC92D92}.Debug|iPhoneSimulator.Deploy.0 = Debug|Any CPU
		{120FAE5F-D026-45C3-AFE4-71369CC92D92}.Debug|x64.ActiveCfg = Debug|Any CPU
		{120FAE5F-D026-45C3-AFE4-71369CC92D92}.Debug|x64.Build.0 = Debug|Any CPU
		{120FAE5F-D026-45C3-AFE4-71369CC92D92}.Debug|x64.Deploy.0 = Debug|Any CPU
		{120FAE5F-D026-45C3-AFE4-71369CC92D92}.Debug|x86.ActiveCfg = Debug|Any CPU
		{120FAE5F-D026-45C3-AFE4-71369CC92D92}.Debug|x86.Build.0 = Debug|Any CPU
		{120FAE5F-D026-45C3-AFE4-71369CC92D92}.Debug|x86.Deploy.0 = Debug|Any CPU
		{120FAE5F-D026-45C3-AFE4-71369CC92D92}.Release|Any CPU.ActiveCfg = Release|Any CPU
		{120FAE5F-D026-45C3-AFE4-71369CC92D92}.Release|Any CPU.Build.0 = Release|Any CPU
		{120FAE5F-D026-45C3-AFE4-71369CC92D92}.Release|Any CPU.Deploy.0 = Release|Any CPU
		{120FAE5F-D026-45C3-AFE4-71369CC92D92}.Release|ARM.ActiveCfg = Release|Any CPU
		{120FAE5F-D026-45C3-AFE4-71369CC92D92}.Release|ARM.Build.0 = Release|Any CPU
		{120FAE5F-D026-45C3-AFE4-71369CC92D92}.Release|ARM.Deploy.0 = Release|Any CPU
		{120FAE5F-D026-45C3-AFE4-71369CC92D92}.Release|iPhone.ActiveCfg = Release|Any CPU
		{120FAE5F-D026-45C3-AFE4-71369CC92D92}.Release|iPhone.Build.0 = Release|Any CPU
		{120FAE5F-D026-45C3-AFE4-71369CC92D92}.Release|iPhone.Deploy.0 = Release|Any CPU
		{120FAE5F-D026-45C3-AFE4-71369CC92D92}.Release|iPhoneSimulator.ActiveCfg = Release|Any CPU
		{120FAE5F-D026-45C3-AFE4-71369CC92D92}.Release|iPhoneSimulator.Build.0 = Release|Any CPU
		{120FAE5F-D026-45C3-AFE4-71369CC92D92}.Release|iPhoneSimulator.Deploy.0 = Release|Any CPU
		{120FAE5F-D026-45C3-AFE4-71369CC92D92}.Release|x64.ActiveCfg = Release|Any CPU
		{120FAE5F-D026-45C3-AFE4-71369CC92D92}.Release|x64.Build.0 = Release|Any CPU
		{120FAE5F-D026-45C3-AFE4-71369CC92D92}.Release|x64.Deploy.0 = Release|Any CPU
		{120FAE5F-D026-45C3-AFE4-71369CC92D92}.Release|x86.ActiveCfg = Release|Any CPU
		{120FAE5F-D026-45C3-AFE4-71369CC92D92}.Release|x86.Build.0 = Release|Any CPU
		{120FAE5F-D026-45C3-AFE4-71369CC92D92}.Release|x86.Deploy.0 = Release|Any CPU
		{022C9DFE-4082-4FC7-9D9E-EB4ABEF66F71}.Ad-Hoc|Any CPU.ActiveCfg = Release|Any CPU
		{022C9DFE-4082-4FC7-9D9E-EB4ABEF66F71}.Ad-Hoc|Any CPU.Build.0 = Release|Any CPU
		{022C9DFE-4082-4FC7-9D9E-EB4ABEF66F71}.Ad-Hoc|ARM.ActiveCfg = Release|Any CPU
		{022C9DFE-4082-4FC7-9D9E-EB4ABEF66F71}.Ad-Hoc|ARM.Build.0 = Release|Any CPU
		{022C9DFE-4082-4FC7-9D9E-EB4ABEF66F71}.Ad-Hoc|iPhone.ActiveCfg = Release|Any CPU
		{022C9DFE-4082-4FC7-9D9E-EB4ABEF66F71}.Ad-Hoc|iPhone.Build.0 = Release|Any CPU
		{022C9DFE-4082-4FC7-9D9E-EB4ABEF66F71}.Ad-Hoc|iPhoneSimulator.ActiveCfg = Release|Any CPU
		{022C9DFE-4082-4FC7-9D9E-EB4ABEF66F71}.Ad-Hoc|iPhoneSimulator.Build.0 = Release|Any CPU
		{022C9DFE-4082-4FC7-9D9E-EB4ABEF66F71}.Ad-Hoc|x64.ActiveCfg = Release|Any CPU
		{022C9DFE-4082-4FC7-9D9E-EB4ABEF66F71}.Ad-Hoc|x64.Build.0 = Release|Any CPU
		{022C9DFE-4082-4FC7-9D9E-EB4ABEF66F71}.Ad-Hoc|x86.ActiveCfg = Release|Any CPU
		{022C9DFE-4082-4FC7-9D9E-EB4ABEF66F71}.Ad-Hoc|x86.Build.0 = Release|Any CPU
		{022C9DFE-4082-4FC7-9D9E-EB4ABEF66F71}.AppStore|Any CPU.ActiveCfg = Release|Any CPU
		{022C9DFE-4082-4FC7-9D9E-EB4ABEF66F71}.AppStore|Any CPU.Build.0 = Release|Any CPU
		{022C9DFE-4082-4FC7-9D9E-EB4ABEF66F71}.AppStore|ARM.ActiveCfg = Release|Any CPU
		{022C9DFE-4082-4FC7-9D9E-EB4ABEF66F71}.AppStore|ARM.Build.0 = Release|Any CPU
		{022C9DFE-4082-4FC7-9D9E-EB4ABEF66F71}.AppStore|iPhone.ActiveCfg = Release|Any CPU
		{022C9DFE-4082-4FC7-9D9E-EB4ABEF66F71}.AppStore|iPhone.Build.0 = Release|Any CPU
		{022C9DFE-4082-4FC7-9D9E-EB4ABEF66F71}.AppStore|iPhoneSimulator.ActiveCfg = Release|Any CPU
		{022C9DFE-4082-4FC7-9D9E-EB4ABEF66F71}.AppStore|iPhoneSimulator.Build.0 = Release|Any CPU
		{022C9DFE-4082-4FC7-9D9E-EB4ABEF66F71}.AppStore|x64.ActiveCfg = Release|Any CPU
		{022C9DFE-4082-4FC7-9D9E-EB4ABEF66F71}.AppStore|x64.Build.0 = Release|Any CPU
		{022C9DFE-4082-4FC7-9D9E-EB4ABEF66F71}.AppStore|x86.ActiveCfg = Release|Any CPU
		{022C9DFE-4082-4FC7-9D9E-EB4ABEF66F71}.AppStore|x86.Build.0 = Release|Any CPU
		{022C9DFE-4082-4FC7-9D9E-EB4ABEF66F71}.Debug|Any CPU.ActiveCfg = Debug|Any CPU
		{022C9DFE-4082-4FC7-9D9E-EB4ABEF66F71}.Debug|Any CPU.Build.0 = Debug|Any CPU
		{022C9DFE-4082-4FC7-9D9E-EB4ABEF66F71}.Debug|ARM.ActiveCfg = Debug|Any CPU
		{022C9DFE-4082-4FC7-9D9E-EB4ABEF66F71}.Debug|ARM.Build.0 = Debug|Any CPU
		{022C9DFE-4082-4FC7-9D9E-EB4ABEF66F71}.Debug|iPhone.ActiveCfg = Debug|Any CPU
		{022C9DFE-4082-4FC7-9D9E-EB4ABEF66F71}.Debug|iPhone.Build.0 = Debug|Any CPU
		{022C9DFE-4082-4FC7-9D9E-EB4ABEF66F71}.Debug|iPhoneSimulator.ActiveCfg = Debug|Any CPU
		{022C9DFE-4082-4FC7-9D9E-EB4ABEF66F71}.Debug|iPhoneSimulator.Build.0 = Debug|Any CPU
		{022C9DFE-4082-4FC7-9D9E-EB4ABEF66F71}.Debug|x64.ActiveCfg = Debug|Any CPU
		{022C9DFE-4082-4FC7-9D9E-EB4ABEF66F71}.Debug|x64.Build.0 = Debug|Any CPU
		{022C9DFE-4082-4FC7-9D9E-EB4ABEF66F71}.Debug|x86.ActiveCfg = Debug|Any CPU
		{022C9DFE-4082-4FC7-9D9E-EB4ABEF66F71}.Debug|x86.Build.0 = Debug|Any CPU
		{022C9DFE-4082-4FC7-9D9E-EB4ABEF66F71}.Release|Any CPU.ActiveCfg = Release|Any CPU
		{022C9DFE-4082-4FC7-9D9E-EB4ABEF66F71}.Release|Any CPU.Build.0 = Release|Any CPU
		{022C9DFE-4082-4FC7-9D9E-EB4ABEF66F71}.Release|ARM.ActiveCfg = Release|Any CPU
		{022C9DFE-4082-4FC7-9D9E-EB4ABEF66F71}.Release|ARM.Build.0 = Release|Any CPU
		{022C9DFE-4082-4FC7-9D9E-EB4ABEF66F71}.Release|iPhone.ActiveCfg = Release|Any CPU
		{022C9DFE-4082-4FC7-9D9E-EB4ABEF66F71}.Release|iPhone.Build.0 = Release|Any CPU
		{022C9DFE-4082-4FC7-9D9E-EB4ABEF66F71}.Release|iPhoneSimulator.ActiveCfg = Release|Any CPU
		{022C9DFE-4082-4FC7-9D9E-EB4ABEF66F71}.Release|iPhoneSimulator.Build.0 = Release|Any CPU
		{022C9DFE-4082-4FC7-9D9E-EB4ABEF66F71}.Release|x64.ActiveCfg = Release|Any CPU
		{022C9DFE-4082-4FC7-9D9E-EB4ABEF66F71}.Release|x64.Build.0 = Release|Any CPU
		{022C9DFE-4082-4FC7-9D9E-EB4ABEF66F71}.Release|x86.ActiveCfg = Release|Any CPU
		{022C9DFE-4082-4FC7-9D9E-EB4ABEF66F71}.Release|x86.Build.0 = Release|Any CPU
		{CA610287-AC38-4461-B5D7-BB1E54B7BD6E}.Ad-Hoc|Any CPU.ActiveCfg = Release|x86
		{CA610287-AC38-4461-B5D7-BB1E54B7BD6E}.Ad-Hoc|Any CPU.Build.0 = Release|x86
		{CA610287-AC38-4461-B5D7-BB1E54B7BD6E}.Ad-Hoc|Any CPU.Deploy.0 = Release|x86
		{CA610287-AC38-4461-B5D7-BB1E54B7BD6E}.Ad-Hoc|ARM.ActiveCfg = Release|ARM
		{CA610287-AC38-4461-B5D7-BB1E54B7BD6E}.Ad-Hoc|ARM.Build.0 = Release|ARM
		{CA610287-AC38-4461-B5D7-BB1E54B7BD6E}.Ad-Hoc|ARM.Deploy.0 = Release|ARM
		{CA610287-AC38-4461-B5D7-BB1E54B7BD6E}.Ad-Hoc|iPhone.ActiveCfg = Release|x86
		{CA610287-AC38-4461-B5D7-BB1E54B7BD6E}.Ad-Hoc|iPhone.Build.0 = Release|x86
		{CA610287-AC38-4461-B5D7-BB1E54B7BD6E}.Ad-Hoc|iPhone.Deploy.0 = Release|x86
		{CA610287-AC38-4461-B5D7-BB1E54B7BD6E}.Ad-Hoc|iPhoneSimulator.ActiveCfg = Release|x86
		{CA610287-AC38-4461-B5D7-BB1E54B7BD6E}.Ad-Hoc|iPhoneSimulator.Build.0 = Release|x86
		{CA610287-AC38-4461-B5D7-BB1E54B7BD6E}.Ad-Hoc|iPhoneSimulator.Deploy.0 = Release|x86
		{CA610287-AC38-4461-B5D7-BB1E54B7BD6E}.Ad-Hoc|x64.ActiveCfg = Release|x64
		{CA610287-AC38-4461-B5D7-BB1E54B7BD6E}.Ad-Hoc|x64.Build.0 = Release|x64
		{CA610287-AC38-4461-B5D7-BB1E54B7BD6E}.Ad-Hoc|x64.Deploy.0 = Release|x64
		{CA610287-AC38-4461-B5D7-BB1E54B7BD6E}.Ad-Hoc|x86.ActiveCfg = Release|x86
		{CA610287-AC38-4461-B5D7-BB1E54B7BD6E}.Ad-Hoc|x86.Build.0 = Release|x86
		{CA610287-AC38-4461-B5D7-BB1E54B7BD6E}.Ad-Hoc|x86.Deploy.0 = Release|x86
		{CA610287-AC38-4461-B5D7-BB1E54B7BD6E}.AppStore|Any CPU.ActiveCfg = Release|x86
		{CA610287-AC38-4461-B5D7-BB1E54B7BD6E}.AppStore|Any CPU.Build.0 = Release|x86
		{CA610287-AC38-4461-B5D7-BB1E54B7BD6E}.AppStore|Any CPU.Deploy.0 = Release|x86
		{CA610287-AC38-4461-B5D7-BB1E54B7BD6E}.AppStore|ARM.ActiveCfg = Release|ARM
		{CA610287-AC38-4461-B5D7-BB1E54B7BD6E}.AppStore|ARM.Build.0 = Release|ARM
		{CA610287-AC38-4461-B5D7-BB1E54B7BD6E}.AppStore|ARM.Deploy.0 = Release|ARM
		{CA610287-AC38-4461-B5D7-BB1E54B7BD6E}.AppStore|iPhone.ActiveCfg = Release|x86
		{CA610287-AC38-4461-B5D7-BB1E54B7BD6E}.AppStore|iPhone.Build.0 = Release|x86
		{CA610287-AC38-4461-B5D7-BB1E54B7BD6E}.AppStore|iPhone.Deploy.0 = Release|x86
		{CA610287-AC38-4461-B5D7-BB1E54B7BD6E}.AppStore|iPhoneSimulator.ActiveCfg = Release|x86
		{CA610287-AC38-4461-B5D7-BB1E54B7BD6E}.AppStore|iPhoneSimulator.Build.0 = Release|x86
		{CA610287-AC38-4461-B5D7-BB1E54B7BD6E}.AppStore|iPhoneSimulator.Deploy.0 = Release|x86
		{CA610287-AC38-4461-B5D7-BB1E54B7BD6E}.AppStore|x64.ActiveCfg = Release|x64
		{CA610287-AC38-4461-B5D7-BB1E54B7BD6E}.AppStore|x64.Build.0 = Release|x64
		{CA610287-AC38-4461-B5D7-BB1E54B7BD6E}.AppStore|x64.Deploy.0 = Release|x64
		{CA610287-AC38-4461-B5D7-BB1E54B7BD6E}.AppStore|x86.ActiveCfg = Release|x86
		{CA610287-AC38-4461-B5D7-BB1E54B7BD6E}.AppStore|x86.Build.0 = Release|x86
		{CA610287-AC38-4461-B5D7-BB1E54B7BD6E}.AppStore|x86.Deploy.0 = Release|x86
		{CA610287-AC38-4461-B5D7-BB1E54B7BD6E}.Debug|Any CPU.ActiveCfg = Debug|x86
		{CA610287-AC38-4461-B5D7-BB1E54B7BD6E}.Debug|ARM.ActiveCfg = Debug|ARM
		{CA610287-AC38-4461-B5D7-BB1E54B7BD6E}.Debug|ARM.Build.0 = Debug|ARM
		{CA610287-AC38-4461-B5D7-BB1E54B7BD6E}.Debug|ARM.Deploy.0 = Debug|ARM
		{CA610287-AC38-4461-B5D7-BB1E54B7BD6E}.Debug|iPhone.ActiveCfg = Debug|x86
		{CA610287-AC38-4461-B5D7-BB1E54B7BD6E}.Debug|iPhoneSimulator.ActiveCfg = Debug|x86
		{CA610287-AC38-4461-B5D7-BB1E54B7BD6E}.Debug|x64.ActiveCfg = Debug|x64
		{CA610287-AC38-4461-B5D7-BB1E54B7BD6E}.Debug|x64.Build.0 = Debug|x64
		{CA610287-AC38-4461-B5D7-BB1E54B7BD6E}.Debug|x64.Deploy.0 = Debug|x64
		{CA610287-AC38-4461-B5D7-BB1E54B7BD6E}.Debug|x86.ActiveCfg = Debug|x86
		{CA610287-AC38-4461-B5D7-BB1E54B7BD6E}.Debug|x86.Build.0 = Debug|x86
		{CA610287-AC38-4461-B5D7-BB1E54B7BD6E}.Debug|x86.Deploy.0 = Debug|x86
		{CA610287-AC38-4461-B5D7-BB1E54B7BD6E}.Release|Any CPU.ActiveCfg = Release|x86
		{CA610287-AC38-4461-B5D7-BB1E54B7BD6E}.Release|ARM.ActiveCfg = Release|ARM
		{CA610287-AC38-4461-B5D7-BB1E54B7BD6E}.Release|ARM.Build.0 = Release|ARM
		{CA610287-AC38-4461-B5D7-BB1E54B7BD6E}.Release|ARM.Deploy.0 = Release|ARM
		{CA610287-AC38-4461-B5D7-BB1E54B7BD6E}.Release|iPhone.ActiveCfg = Release|x86
		{CA610287-AC38-4461-B5D7-BB1E54B7BD6E}.Release|iPhoneSimulator.ActiveCfg = Release|x86
		{CA610287-AC38-4461-B5D7-BB1E54B7BD6E}.Release|x64.ActiveCfg = Release|x64
		{CA610287-AC38-4461-B5D7-BB1E54B7BD6E}.Release|x64.Build.0 = Release|x64
		{CA610287-AC38-4461-B5D7-BB1E54B7BD6E}.Release|x64.Deploy.0 = Release|x64
		{CA610287-AC38-4461-B5D7-BB1E54B7BD6E}.Release|x86.ActiveCfg = Release|x86
		{CA610287-AC38-4461-B5D7-BB1E54B7BD6E}.Release|x86.Build.0 = Release|x86
		{CA610287-AC38-4461-B5D7-BB1E54B7BD6E}.Release|x86.Deploy.0 = Release|x86
		{90B13DCE-B848-4C50-9672-39F4BCC9FF91}.Ad-Hoc|Any CPU.ActiveCfg = Ad-Hoc|iPhone
		{90B13DCE-B848-4C50-9672-39F4BCC9FF91}.Ad-Hoc|ARM.ActiveCfg = Ad-Hoc|iPhone
		{90B13DCE-B848-4C50-9672-39F4BCC9FF91}.Ad-Hoc|iPhone.ActiveCfg = Ad-Hoc|iPhone
		{90B13DCE-B848-4C50-9672-39F4BCC9FF91}.Ad-Hoc|iPhone.Build.0 = Ad-Hoc|iPhone
		{90B13DCE-B848-4C50-9672-39F4BCC9FF91}.Ad-Hoc|iPhoneSimulator.ActiveCfg = Ad-Hoc|iPhoneSimulator
		{90B13DCE-B848-4C50-9672-39F4BCC9FF91}.Ad-Hoc|iPhoneSimulator.Build.0 = Ad-Hoc|iPhoneSimulator
		{90B13DCE-B848-4C50-9672-39F4BCC9FF91}.Ad-Hoc|x64.ActiveCfg = Ad-Hoc|iPhone
		{90B13DCE-B848-4C50-9672-39F4BCC9FF91}.Ad-Hoc|x86.ActiveCfg = Ad-Hoc|iPhone
		{90B13DCE-B848-4C50-9672-39F4BCC9FF91}.AppStore|Any CPU.ActiveCfg = AppStore|iPhone
		{90B13DCE-B848-4C50-9672-39F4BCC9FF91}.AppStore|ARM.ActiveCfg = AppStore|iPhone
		{90B13DCE-B848-4C50-9672-39F4BCC9FF91}.AppStore|iPhone.ActiveCfg = AppStore|iPhone
		{90B13DCE-B848-4C50-9672-39F4BCC9FF91}.AppStore|iPhone.Build.0 = AppStore|iPhone
		{90B13DCE-B848-4C50-9672-39F4BCC9FF91}.AppStore|iPhoneSimulator.ActiveCfg = AppStore|iPhoneSimulator
		{90B13DCE-B848-4C50-9672-39F4BCC9FF91}.AppStore|iPhoneSimulator.Build.0 = AppStore|iPhoneSimulator
		{90B13DCE-B848-4C50-9672-39F4BCC9FF91}.AppStore|x64.ActiveCfg = AppStore|iPhone
		{90B13DCE-B848-4C50-9672-39F4BCC9FF91}.AppStore|x86.ActiveCfg = AppStore|iPhone
		{90B13DCE-B848-4C50-9672-39F4BCC9FF91}.Debug|Any CPU.ActiveCfg = Debug|iPhone
		{90B13DCE-B848-4C50-9672-39F4BCC9FF91}.Debug|ARM.ActiveCfg = Debug|iPhone
		{90B13DCE-B848-4C50-9672-39F4BCC9FF91}.Debug|iPhone.ActiveCfg = Debug|iPhone
		{90B13DCE-B848-4C50-9672-39F4BCC9FF91}.Debug|iPhone.Build.0 = Debug|iPhone
		{90B13DCE-B848-4C50-9672-39F4BCC9FF91}.Debug|iPhoneSimulator.ActiveCfg = Debug|iPhoneSimulator
		{90B13DCE-B848-4C50-9672-39F4BCC9FF91}.Debug|iPhoneSimulator.Build.0 = Debug|iPhoneSimulator
		{90B13DCE-B848-4C50-9672-39F4BCC9FF91}.Debug|x64.ActiveCfg = Debug|iPhone
		{90B13DCE-B848-4C50-9672-39F4BCC9FF91}.Debug|x86.ActiveCfg = Debug|iPhone
		{90B13DCE-B848-4C50-9672-39F4BCC9FF91}.Release|Any CPU.ActiveCfg = Release|iPhone
		{90B13DCE-B848-4C50-9672-39F4BCC9FF91}.Release|ARM.ActiveCfg = Release|iPhone
		{90B13DCE-B848-4C50-9672-39F4BCC9FF91}.Release|iPhone.ActiveCfg = Release|iPhone
		{90B13DCE-B848-4C50-9672-39F4BCC9FF91}.Release|iPhone.Build.0 = Release|iPhone
		{90B13DCE-B848-4C50-9672-39F4BCC9FF91}.Release|iPhoneSimulator.ActiveCfg = Release|iPhoneSimulator
		{90B13DCE-B848-4C50-9672-39F4BCC9FF91}.Release|iPhoneSimulator.Build.0 = Release|iPhoneSimulator
		{90B13DCE-B848-4C50-9672-39F4BCC9FF91}.Release|x64.ActiveCfg = Release|iPhone
		{90B13DCE-B848-4C50-9672-39F4BCC9FF91}.Release|x86.ActiveCfg = Release|iPhone
	EndGlobalSection
	GlobalSection(SolutionProperties) = preSolution
		HideSolutionNode = FALSE
	EndGlobalSection
EndGlobal
